{
  "object": {
    "pins": [
      {
        "package": "Drawer",
        "repositoryURL": "https://github.com/mitulmanish/Drawer",
        "state": {
          "branch": null,
          "revision": "7c9145d9597cc55e10e09c009bdd6a4c7a10eadc",
          "version": "1.0.1"
        }
      }
    ]
  },
  "version": 1
}
