// !$*UTF8*$!
{
	archiveVersion = 1;
	classes = {
	};
	objectVersion = 52;
	objects = {

/* Begin PBXBuildFile section */
		013A4705208F616700DBAEAE /* AppDelegate.swift in Sources */ = {isa = PBXBuildFile; fileRef = 013A4704208F616700DBAEAE /* AppDelegate.swift */; };
		013A4707208F616700DBAEAE /* HomeViewController.swift in Sources */ = {isa = PBXBuildFile; fileRef = 013A4706208F616700DBAEAE /* HomeViewController.swift */; };
		013A470A208F616700DBAEAE /* Main.storyboard in Resources */ = {isa = PBXBuildFile; fileRef = 013A4708208F616700DBAEAE /* Main.storyboard */; };
		013A470C208F616900DBAEAE /* Assets.xcassets in Resources */ = {isa = PBXBuildFile; fileRef = 013A470B208F616900DBAEAE /* Assets.xcassets */; };
		013A470F208F616900DBAEAE /* LaunchScreen.storyboard in Resources */ = {isa = PBXBuildFile; fileRef = 013A470D208F616900DBAEAE /* LaunchScreen.storyboard */; };
		013A471A208F616900DBAEAE /* CryptTests.swift in Sources */ = {isa = PBXBuildFile; fileRef = 013A4719208F616900DBAEAE /* CryptTests.swift */; };
		013A4725208F616900DBAEAE /* CryptUITests.swift in Sources */ = {isa = PBXBuildFile; fileRef = 013A4724208F616900DBAEAE /* CryptUITests.swift */; };
		01C259CA217C4F5E0084617B /* DataModel.swift in Sources */ = {isa = PBXBuildFile; fileRef = 01C259C9217C4F5E0084617B /* DataModel.swift */; };
		01C259D0217C60A10084617B /* EndpointConstructor.swift in Sources */ = {isa = PBXBuildFile; fileRef = 01C259CF217C60A10084617B /* EndpointConstructor.swift */; };
		01C259D2217C61050084617B /* RequestFactory.swift in Sources */ = {isa = PBXBuildFile; fileRef = 01C259D1217C61050084617B /* RequestFactory.swift */; };
		01C259D5217C64CC0084617B /* BasicOpeartion.swift in Sources */ = {isa = PBXBuildFile; fileRef = 01C259D4217C64CC0084617B /* BasicOpeartion.swift */; };
		01C259D7217C65DC0084617B /* NetworkOpeartion.swift in Sources */ = {isa = PBXBuildFile; fileRef = 01C259D6217C65DC0084617B /* NetworkOpeartion.swift */; };
		01C259D9217C83810084617B /* HistoricalDataNetworkOperationManager.swift in Sources */ = {isa = PBXBuildFile; fileRef = 01C259D8217C83810084617B /* HistoricalDataNetworkOperationManager.swift */; };
		DD2D8AAB21F5F4530065FB50 /* SelectDateViewController.swift in Sources */ = {isa = PBXBuildFile; fileRef = DD2D8AA921F5F4530065FB50 /* SelectDateViewController.swift */; };
		DD2D8AAC21F5F4530065FB50 /* SelectDateViewController.xib in Resources */ = {isa = PBXBuildFile; fileRef = DD2D8AAA21F5F4530065FB50 /* SelectDateViewController.xib */; };
		DD2D8AAE21F5FB400065FB50 /* CurvedButton.swift in Sources */ = {isa = PBXBuildFile; fileRef = DD2D8AAD21F5FB400065FB50 /* CurvedButton.swift */; };
		DD40915823B25EAA0027D39B /* NetworkingKit.framework in Frameworks */ = {isa = PBXBuildFile; fileRef = DD40914F23B25EAA0027D39B /* NetworkingKit.framework */; };
		DD40915F23B25EAA0027D39B /* NetworkingKitTests.swift in Sources */ = {isa = PBXBuildFile; fileRef = DD40915E23B25EAA0027D39B /* NetworkingKitTests.swift */; };
		DD40916123B25EAA0027D39B /* NetworkingKit.h in Headers */ = {isa = PBXBuildFile; fileRef = DD40915123B25EAA0027D39B /* NetworkingKit.h */; settings = {ATTRIBUTES = (Public, ); }; };
		DD40916523B25EAA0027D39B /* NetworkingKit.framework in Embed Frameworks */ = {isa = PBXBuildFile; fileRef = DD40914F23B25EAA0027D39B /* NetworkingKit.framework */; settings = {ATTRIBUTES = (CodeSignOnCopy, RemoveHeadersOnCopy, ); }; };
		DD40916D23B25F150027D39B /* Networking+Publisher.swift in Sources */ = {isa = PBXBuildFile; fileRef = DD40916C23B25F150027D39B /* Networking+Publisher.swift */; };
		DD40916F23B280E20027D39B /* NetworkingError.swift in Sources */ = {isa = PBXBuildFile; fileRef = DD40916E23B280E20027D39B /* NetworkingError.swift */; };
		DD40917023B282130027D39B /* URLSession+Result.swift in Sources */ = {isa = PBXBuildFile; fileRef = DD745CC1227A3248006ADA45 /* URLSession+Result.swift */; };
		DD40917123B2832D0027D39B /* Service.swift in Sources */ = {isa = PBXBuildFile; fileRef = DD745CC3227A34C6006ADA45 /* Service.swift */; };
		DD40917223B284080027D39B /* URLSession+SanitizedResponse.swift in Sources */ = {isa = PBXBuildFile; fileRef = 01C259CC217C569D0084617B /* URLSession+SanitizedResponse.swift */; };
		DD40917D23B4C8EF0027D39B /* HistoricalPriceComparisonProvider.swift in Sources */ = {isa = PBXBuildFile; fileRef = DD40917C23B4C8EF0027D39B /* HistoricalPriceComparisonProvider.swift */; };
		DD745CC6227D31E9006ADA45 /* SelectCurrrecyTableViewController.swift in Sources */ = {isa = PBXBuildFile; fileRef = DD745CC5227D31E9006ADA45 /* SelectCurrrecyTableViewController.swift */; };
		DD745CC8227D396E006ADA45 /* UIView+Anchor.swift in Sources */ = {isa = PBXBuildFile; fileRef = DD745CC7227D396E006ADA45 /* UIView+Anchor.swift */; };
		DD745CCA227D4876006ADA45 /* Array+SafeAccess.swift in Sources */ = {isa = PBXBuildFile; fileRef = DD745CC9227D4876006ADA45 /* Array+SafeAccess.swift */; };
		DD745CCC227D4888006ADA45 /* Result+Value.swift in Sources */ = {isa = PBXBuildFile; fileRef = DD745CCB227D4888006ADA45 /* Result+Value.swift */; };
		DD8C8DEE24674D1600EBF5D1 /* APIKeyViewController.swift in Sources */ = {isa = PBXBuildFile; fileRef = DD8C8DED24674D1600EBF5D1 /* APIKeyViewController.swift */; };
		DD8C8DF024681B8700EBF5D1 /* InfoViewController.swift in Sources */ = {isa = PBXBuildFile; fileRef = DD8C8DEF24681B8700EBF5D1 /* InfoViewController.swift */; };
		DD97D2BC222E6E75004A72B5 /* ProfitCalculator.swift in Sources */ = {isa = PBXBuildFile; fileRef = DD97D2BB222E6E75004A72B5 /* ProfitCalculator.swift */; };
		DD97D2BF222E8830004A72B5 /* ProfitCalculatorTests.swift in Sources */ = {isa = PBXBuildFile; fileRef = DD97D2BE222E8830004A72B5 /* ProfitCalculatorTests.swift */; };
		DD97D2C4222E9CCE004A72B5 /* ResultsViewController.swift in Sources */ = {isa = PBXBuildFile; fileRef = DD97D2C2222E9CCE004A72B5 /* ResultsViewController.swift */; };
		DD97D2C5222E9CCE004A72B5 /* ResultsViewController.xib in Resources */ = {isa = PBXBuildFile; fileRef = DD97D2C3222E9CCE004A72B5 /* ResultsViewController.xib */; };
		DD97D2C7222EA657004A72B5 /* ViewDismissalNotifier.swift in Sources */ = {isa = PBXBuildFile; fileRef = DD97D2C6222EA657004A72B5 /* ViewDismissalNotifier.swift */; };
		DD9C0A3D2468A4930061DF44 /* NetworkingKit.framework in Frameworks */ = {isa = PBXBuildFile; fileRef = DD40914F23B25EAA0027D39B /* NetworkingKit.framework */; };
		DD9C0A402468A54B0061DF44 /* ScrollingContainer in Frameworks */ = {isa = PBXBuildFile; productRef = DD9C0A3F2468A54B0061DF44 /* ScrollingContainer */; };
		DD9C0A432468A5680061DF44 /* Drawer in Frameworks */ = {isa = PBXBuildFile; productRef = DD9C0A422468A5680061DF44 /* Drawer */; };
		DD9C0A462468A58B0061DF44 /* NetworkingKit in Frameworks */ = {isa = PBXBuildFile; productRef = DD9C0A452468A58B0061DF44 /* NetworkingKit */; };
		DD9C0A492468A5FA0061DF44 /* RxSwift in Frameworks */ = {isa = PBXBuildFile; productRef = DD9C0A482468A5FA0061DF44 /* RxSwift */; };
		DD9C0A4B2468A5FA0061DF44 /* RxRelay in Frameworks */ = {isa = PBXBuildFile; productRef = DD9C0A4A2468A5FA0061DF44 /* RxRelay */; };
		DD9C0A4D2468A5FA0061DF44 /* RxCocoa in Frameworks */ = {isa = PBXBuildFile; productRef = DD9C0A4C2468A5FA0061DF44 /* RxCocoa */; };
		DD9C0A4F2468A5FA0061DF44 /* RxBlocking in Frameworks */ = {isa = PBXBuildFile; productRef = DD9C0A4E2468A5FA0061DF44 /* RxBlocking */; };
		DD9C0A522468A62E0061DF44 /* CompactModal in Frameworks */ = {isa = PBXBuildFile; productRef = DD9C0A512468A62E0061DF44 /* CompactModal */; };
		DD9C0A5424694DC60061DF44 /* UIView+Blink.swift in Sources */ = {isa = PBXBuildFile; fileRef = DD9C0A5324694DC60061DF44 /* UIView+Blink.swift */; };
		DD9C0A5624694DED0061DF44 /* BlinkingTexField.swift in Sources */ = {isa = PBXBuildFile; fileRef = DD9C0A5524694DEC0061DF44 /* BlinkingTexField.swift */; };
		DDB5159521C4FC3C009B9483 /* UIViiew+roundedCorners.swift in Sources */ = {isa = PBXBuildFile; fileRef = DDB5159421C4FC3C009B9483 /* UIViiew+roundedCorners.swift */; };
		DDB5159721C6008C009B9483 /* AllCoinsNetworkOperationManager.swift in Sources */ = {isa = PBXBuildFile; fileRef = DDB5159621C6008C009B9483 /* AllCoinsNetworkOperationManager.swift */; };
		DDC7A5F92257B5D10069FCF3 /* DecodingOperation.swift in Sources */ = {isa = PBXBuildFile; fileRef = DDC7A5F82257B5D10069FCF3 /* DecodingOperation.swift */; };
		DDE1488F21BB9C3700CF8182 /* SelectCoinsTableViewController.swift in Sources */ = {isa = PBXBuildFile; fileRef = DDE1488D21BB9C3700CF8182 /* SelectCoinsTableViewController.swift */; };
		DDE1489321BB9E9000CF8182 /* CoinTableViewCell.swift in Sources */ = {isa = PBXBuildFile; fileRef = DDE1489121BB9E9000CF8182 /* CoinTableViewCell.swift */; };
		DDFB14C7223F9050004C5B29 /* PriceRequestParams.swift in Sources */ = {isa = PBXBuildFile; fileRef = DDFB14C6223F9050004C5B29 /* PriceRequestParams.swift */; };
/* End PBXBuildFile section */

/* Begin PBXContainerItemProxy section */
		013A4716208F616900DBAEAE /* PBXContainerItemProxy */ = {
			isa = PBXContainerItemProxy;
			containerPortal = 013A46F9208F616700DBAEAE /* Project object */;
			proxyType = 1;
			remoteGlobalIDString = 013A4700208F616700DBAEAE;
			remoteInfo = Crypt;
		};
		013A4721208F616900DBAEAE /* PBXContainerItemProxy */ = {
			isa = PBXContainerItemProxy;
			containerPortal = 013A46F9208F616700DBAEAE /* Project object */;
			proxyType = 1;
			remoteGlobalIDString = 013A4700208F616700DBAEAE;
			remoteInfo = Crypt;
		};
		DD40915923B25EAA0027D39B /* PBXContainerItemProxy */ = {
			isa = PBXContainerItemProxy;
			containerPortal = 013A46F9208F616700DBAEAE /* Project object */;
			proxyType = 1;
			remoteGlobalIDString = DD40914E23B25EAA0027D39B;
			remoteInfo = NetworkingKit;
		};
		DD40915B23B25EAA0027D39B /* PBXContainerItemProxy */ = {
			isa = PBXContainerItemProxy;
			containerPortal = 013A46F9208F616700DBAEAE /* Project object */;
			proxyType = 1;
			remoteGlobalIDString = 013A4700208F616700DBAEAE;
			remoteInfo = Crypt;
		};
		DD40916223B25EAA0027D39B /* PBXContainerItemProxy */ = {
			isa = PBXContainerItemProxy;
			containerPortal = 013A46F9208F616700DBAEAE /* Project object */;
			proxyType = 1;
			remoteGlobalIDString = DD40914E23B25EAA0027D39B;
			remoteInfo = NetworkingKit;
		};
/* End PBXContainerItemProxy section */

/* Begin PBXCopyFilesBuildPhase section */
		DD40912323B258CE0027D39B /* Embed Frameworks */ = {
			isa = PBXCopyFilesBuildPhase;
			buildActionMask = 2147483647;
			dstPath = "";
			dstSubfolderSpec = 10;
			files = (
				DD40916523B25EAA0027D39B /* NetworkingKit.framework in Embed Frameworks */,
			);
			name = "Embed Frameworks";
			runOnlyForDeploymentPostprocessing = 0;
		};
/* End PBXCopyFilesBuildPhase section */

/* Begin PBXFileReference section */
		013A4701208F616700DBAEAE /* Crypt.app */ = {isa = PBXFileReference; explicitFileType = wrapper.application; includeInIndex = 0; path = Crypt.app; sourceTree = BUILT_PRODUCTS_DIR; };
		013A4704208F616700DBAEAE /* AppDelegate.swift */ = {isa = PBXFileReference; lastKnownFileType = sourcecode.swift; path = AppDelegate.swift; sourceTree = "<group>"; };
		013A4706208F616700DBAEAE /* HomeViewController.swift */ = {isa = PBXFileReference; lastKnownFileType = sourcecode.swift; path = HomeViewController.swift; sourceTree = "<group>"; };
		013A4709208F616700DBAEAE /* Base */ = {isa = PBXFileReference; lastKnownFileType = file.storyboard; name = Base; path = Base.lproj/Main.storyboard; sourceTree = "<group>"; };
		013A470B208F616900DBAEAE /* Assets.xcassets */ = {isa = PBXFileReference; lastKnownFileType = folder.assetcatalog; path = Assets.xcassets; sourceTree = "<group>"; };
		013A470E208F616900DBAEAE /* Base */ = {isa = PBXFileReference; lastKnownFileType = file.storyboard; name = Base; path = Base.lproj/LaunchScreen.storyboard; sourceTree = "<group>"; };
		013A4710208F616900DBAEAE /* Info.plist */ = {isa = PBXFileReference; lastKnownFileType = text.plist.xml; path = Info.plist; sourceTree = "<group>"; };
		013A4715208F616900DBAEAE /* CryptTests.xctest */ = {isa = PBXFileReference; explicitFileType = wrapper.cfbundle; includeInIndex = 0; path = CryptTests.xctest; sourceTree = BUILT_PRODUCTS_DIR; };
		013A4719208F616900DBAEAE /* CryptTests.swift */ = {isa = PBXFileReference; lastKnownFileType = sourcecode.swift; path = CryptTests.swift; sourceTree = "<group>"; };
		013A471B208F616900DBAEAE /* Info.plist */ = {isa = PBXFileReference; lastKnownFileType = text.plist.xml; path = Info.plist; sourceTree = "<group>"; };
		013A4720208F616900DBAEAE /* CryptUITests.xctest */ = {isa = PBXFileReference; explicitFileType = wrapper.cfbundle; includeInIndex = 0; path = CryptUITests.xctest; sourceTree = BUILT_PRODUCTS_DIR; };
		013A4724208F616900DBAEAE /* CryptUITests.swift */ = {isa = PBXFileReference; lastKnownFileType = sourcecode.swift; path = CryptUITests.swift; sourceTree = "<group>"; };
		013A4726208F616900DBAEAE /* Info.plist */ = {isa = PBXFileReference; lastKnownFileType = text.plist.xml; path = Info.plist; sourceTree = "<group>"; };
		01C259C9217C4F5E0084617B /* DataModel.swift */ = {isa = PBXFileReference; lastKnownFileType = sourcecode.swift; path = DataModel.swift; sourceTree = "<group>"; };
		01C259CC217C569D0084617B /* URLSession+SanitizedResponse.swift */ = {isa = PBXFileReference; lastKnownFileType = sourcecode.swift; path = "URLSession+SanitizedResponse.swift"; sourceTree = "<group>"; };
		01C259CF217C60A10084617B /* EndpointConstructor.swift */ = {isa = PBXFileReference; lastKnownFileType = sourcecode.swift; path = EndpointConstructor.swift; sourceTree = "<group>"; };
		01C259D1217C61050084617B /* RequestFactory.swift */ = {isa = PBXFileReference; lastKnownFileType = sourcecode.swift; path = RequestFactory.swift; sourceTree = "<group>"; };
		01C259D4217C64CC0084617B /* BasicOpeartion.swift */ = {isa = PBXFileReference; lastKnownFileType = sourcecode.swift; path = BasicOpeartion.swift; sourceTree = "<group>"; };
		01C259D6217C65DC0084617B /* NetworkOpeartion.swift */ = {isa = PBXFileReference; lastKnownFileType = sourcecode.swift; path = NetworkOpeartion.swift; sourceTree = "<group>"; };
		01C259D8217C83810084617B /* HistoricalDataNetworkOperationManager.swift */ = {isa = PBXFileReference; lastKnownFileType = sourcecode.swift; path = HistoricalDataNetworkOperationManager.swift; sourceTree = "<group>"; };
		DD2D8AA921F5F4530065FB50 /* SelectDateViewController.swift */ = {isa = PBXFileReference; lastKnownFileType = sourcecode.swift; path = SelectDateViewController.swift; sourceTree = "<group>"; };
		DD2D8AAA21F5F4530065FB50 /* SelectDateViewController.xib */ = {isa = PBXFileReference; lastKnownFileType = file.xib; path = SelectDateViewController.xib; sourceTree = "<group>"; };
		DD2D8AAD21F5FB400065FB50 /* CurvedButton.swift */ = {isa = PBXFileReference; lastKnownFileType = sourcecode.swift; path = CurvedButton.swift; sourceTree = "<group>"; };
		DD3CF1952451CBB000E3E7DB /* Crypt.entitlements */ = {isa = PBXFileReference; lastKnownFileType = text.plist.entitlements; path = Crypt.entitlements; sourceTree = "<group>"; };
		DD40914F23B25EAA0027D39B /* NetworkingKit.framework */ = {isa = PBXFileReference; explicitFileType = wrapper.framework; includeInIndex = 0; path = NetworkingKit.framework; sourceTree = BUILT_PRODUCTS_DIR; };
		DD40915123B25EAA0027D39B /* NetworkingKit.h */ = {isa = PBXFileReference; lastKnownFileType = sourcecode.c.h; path = NetworkingKit.h; sourceTree = "<group>"; };
		DD40915223B25EAA0027D39B /* Info.plist */ = {isa = PBXFileReference; lastKnownFileType = text.plist.xml; path = Info.plist; sourceTree = "<group>"; };
		DD40915723B25EAA0027D39B /* NetworkingKitTests.xctest */ = {isa = PBXFileReference; explicitFileType = wrapper.cfbundle; includeInIndex = 0; path = NetworkingKitTests.xctest; sourceTree = BUILT_PRODUCTS_DIR; };
		DD40915E23B25EAA0027D39B /* NetworkingKitTests.swift */ = {isa = PBXFileReference; lastKnownFileType = sourcecode.swift; path = NetworkingKitTests.swift; sourceTree = "<group>"; };
		DD40916023B25EAA0027D39B /* Info.plist */ = {isa = PBXFileReference; lastKnownFileType = text.plist.xml; path = Info.plist; sourceTree = "<group>"; };
		DD40916C23B25F150027D39B /* Networking+Publisher.swift */ = {isa = PBXFileReference; lastKnownFileType = sourcecode.swift; path = "Networking+Publisher.swift"; sourceTree = "<group>"; };
		DD40916E23B280E20027D39B /* NetworkingError.swift */ = {isa = PBXFileReference; lastKnownFileType = sourcecode.swift; path = NetworkingError.swift; sourceTree = "<group>"; };
		DD40917C23B4C8EF0027D39B /* HistoricalPriceComparisonProvider.swift */ = {isa = PBXFileReference; lastKnownFileType = sourcecode.swift; path = HistoricalPriceComparisonProvider.swift; sourceTree = "<group>"; };
		DD745CC1227A3248006ADA45 /* URLSession+Result.swift */ = {isa = PBXFileReference; lastKnownFileType = sourcecode.swift; path = "URLSession+Result.swift"; sourceTree = "<group>"; };
		DD745CC3227A34C6006ADA45 /* Service.swift */ = {isa = PBXFileReference; lastKnownFileType = sourcecode.swift; path = Service.swift; sourceTree = "<group>"; };
		DD745CC5227D31E9006ADA45 /* SelectCurrrecyTableViewController.swift */ = {isa = PBXFileReference; lastKnownFileType = sourcecode.swift; path = SelectCurrrecyTableViewController.swift; sourceTree = "<group>"; };
		DD745CC7227D396E006ADA45 /* UIView+Anchor.swift */ = {isa = PBXFileReference; lastKnownFileType = sourcecode.swift; path = "UIView+Anchor.swift"; sourceTree = "<group>"; };
		DD745CC9227D4876006ADA45 /* Array+SafeAccess.swift */ = {isa = PBXFileReference; lastKnownFileType = sourcecode.swift; path = "Array+SafeAccess.swift"; sourceTree = "<group>"; };
		DD745CCB227D4888006ADA45 /* Result+Value.swift */ = {isa = PBXFileReference; lastKnownFileType = sourcecode.swift; path = "Result+Value.swift"; sourceTree = "<group>"; };
		DD8C8DED24674D1600EBF5D1 /* APIKeyViewController.swift */ = {isa = PBXFileReference; lastKnownFileType = sourcecode.swift; path = APIKeyViewController.swift; sourceTree = "<group>"; };
		DD8C8DEF24681B8700EBF5D1 /* InfoViewController.swift */ = {isa = PBXFileReference; lastKnownFileType = sourcecode.swift; path = InfoViewController.swift; sourceTree = "<group>"; };
		DD97D2BB222E6E75004A72B5 /* ProfitCalculator.swift */ = {isa = PBXFileReference; lastKnownFileType = sourcecode.swift; path = ProfitCalculator.swift; sourceTree = "<group>"; };
		DD97D2BE222E8830004A72B5 /* ProfitCalculatorTests.swift */ = {isa = PBXFileReference; lastKnownFileType = sourcecode.swift; path = ProfitCalculatorTests.swift; sourceTree = "<group>"; };
		DD97D2C2222E9CCE004A72B5 /* ResultsViewController.swift */ = {isa = PBXFileReference; lastKnownFileType = sourcecode.swift; path = ResultsViewController.swift; sourceTree = "<group>"; };
		DD97D2C3222E9CCE004A72B5 /* ResultsViewController.xib */ = {isa = PBXFileReference; lastKnownFileType = file.xib; path = ResultsViewController.xib; sourceTree = "<group>"; };
		DD97D2C6222EA657004A72B5 /* ViewDismissalNotifier.swift */ = {isa = PBXFileReference; lastKnownFileType = sourcecode.swift; path = ViewDismissalNotifier.swift; sourceTree = "<group>"; };
		DD9C0A5324694DC60061DF44 /* UIView+Blink.swift */ = {isa = PBXFileReference; lastKnownFileType = sourcecode.swift; path = "UIView+Blink.swift"; sourceTree = "<group>"; };
		DD9C0A5524694DEC0061DF44 /* BlinkingTexField.swift */ = {isa = PBXFileReference; lastKnownFileType = sourcecode.swift; path = BlinkingTexField.swift; sourceTree = "<group>"; };
		DDB5159421C4FC3C009B9483 /* UIViiew+roundedCorners.swift */ = {isa = PBXFileReference; lastKnownFileType = sourcecode.swift; path = "UIViiew+roundedCorners.swift"; sourceTree = "<group>"; };
		DDB5159621C6008C009B9483 /* AllCoinsNetworkOperationManager.swift */ = {isa = PBXFileReference; lastKnownFileType = sourcecode.swift; path = AllCoinsNetworkOperationManager.swift; sourceTree = "<group>"; };
		DDC7A5F82257B5D10069FCF3 /* DecodingOperation.swift */ = {isa = PBXFileReference; lastKnownFileType = sourcecode.swift; path = DecodingOperation.swift; sourceTree = "<group>"; };
		DDE1488D21BB9C3700CF8182 /* SelectCoinsTableViewController.swift */ = {isa = PBXFileReference; lastKnownFileType = sourcecode.swift; path = SelectCoinsTableViewController.swift; sourceTree = "<group>"; };
		DDE1489121BB9E9000CF8182 /* CoinTableViewCell.swift */ = {isa = PBXFileReference; lastKnownFileType = sourcecode.swift; path = CoinTableViewCell.swift; sourceTree = "<group>"; };
		DDFB14C6223F9050004C5B29 /* PriceRequestParams.swift */ = {isa = PBXFileReference; lastKnownFileType = sourcecode.swift; path = PriceRequestParams.swift; sourceTree = "<group>"; };
/* End PBXFileReference section */

/* Begin PBXFrameworksBuildPhase section */
		013A46FE208F616700DBAEAE /* Frameworks */ = {
			isa = PBXFrameworksBuildPhase;
			buildActionMask = 2147483647;
			files = (
				DD9C0A4B2468A5FA0061DF44 /* RxRelay in Frameworks */,
				DD9C0A432468A5680061DF44 /* Drawer in Frameworks */,
				DD9C0A462468A58B0061DF44 /* NetworkingKit in Frameworks */,
				DD9C0A4D2468A5FA0061DF44 /* RxCocoa in Frameworks */,
				DD9C0A492468A5FA0061DF44 /* RxSwift in Frameworks */,
				DD9C0A4F2468A5FA0061DF44 /* RxBlocking in Frameworks */,
				DD9C0A402468A54B0061DF44 /* ScrollingContainer in Frameworks */,
				DD9C0A3D2468A4930061DF44 /* NetworkingKit.framework in Frameworks */,
				DD9C0A522468A62E0061DF44 /* CompactModal in Frameworks */,
			);
			runOnlyForDeploymentPostprocessing = 0;
		};
		013A4712208F616900DBAEAE /* Frameworks */ = {
			isa = PBXFrameworksBuildPhase;
			buildActionMask = 2147483647;
			files = (
			);
			runOnlyForDeploymentPostprocessing = 0;
		};
		013A471D208F616900DBAEAE /* Frameworks */ = {
			isa = PBXFrameworksBuildPhase;
			buildActionMask = 2147483647;
			files = (
			);
			runOnlyForDeploymentPostprocessing = 0;
		};
		DD40914C23B25EAA0027D39B /* Frameworks */ = {
			isa = PBXFrameworksBuildPhase;
			buildActionMask = 2147483647;
			files = (
			);
			runOnlyForDeploymentPostprocessing = 0;
		};
		DD40915423B25EAA0027D39B /* Frameworks */ = {
			isa = PBXFrameworksBuildPhase;
			buildActionMask = 2147483647;
			files = (
				DD40915823B25EAA0027D39B /* NetworkingKit.framework in Frameworks */,
			);
			runOnlyForDeploymentPostprocessing = 0;
		};
/* End PBXFrameworksBuildPhase section */

/* Begin PBXGroup section */
		013A46F8208F616700DBAEAE = {
			isa = PBXGroup;
			children = (
				013A4703208F616700DBAEAE /* Crypt */,
				013A4718208F616900DBAEAE /* CryptTests */,
				013A4723208F616900DBAEAE /* CryptUITests */,
				DD40915023B25EAA0027D39B /* NetworkingKit */,
				DD40915D23B25EAA0027D39B /* NetworkingKitTests */,
				013A4702208F616700DBAEAE /* Products */,
				DD9C0A2C2468A4930061DF44 /* Frameworks */,
			);
			sourceTree = "<group>";
		};
		013A4702208F616700DBAEAE /* Products */ = {
			isa = PBXGroup;
			children = (
				013A4701208F616700DBAEAE /* Crypt.app */,
				013A4715208F616900DBAEAE /* CryptTests.xctest */,
				013A4720208F616900DBAEAE /* CryptUITests.xctest */,
				DD40914F23B25EAA0027D39B /* NetworkingKit.framework */,
				DD40915723B25EAA0027D39B /* NetworkingKitTests.xctest */,
			);
			name = Products;
			sourceTree = "<group>";
		};
		013A4703208F616700DBAEAE /* Crypt */ = {
			isa = PBXGroup;
			children = (
				DD3CF1952451CBB000E3E7DB /* Crypt.entitlements */,
				01C259CE217C60800084617B /* Networking */,
				01C259CB217C56620084617B /* Extensions */,
				01C259C8217C4F370084617B /* Data Structure */,
				013A4704208F616700DBAEAE /* AppDelegate.swift */,
				013A4706208F616700DBAEAE /* HomeViewController.swift */,
				013A4708208F616700DBAEAE /* Main.storyboard */,
				013A470B208F616900DBAEAE /* Assets.xcassets */,
				013A470D208F616900DBAEAE /* LaunchScreen.storyboard */,
				013A4710208F616900DBAEAE /* Info.plist */,
				DDE1488D21BB9C3700CF8182 /* SelectCoinsTableViewController.swift */,
				DDE1489121BB9E9000CF8182 /* CoinTableViewCell.swift */,
				DD2D8AA921F5F4530065FB50 /* SelectDateViewController.swift */,
				DD2D8AAA21F5F4530065FB50 /* SelectDateViewController.xib */,
				DD2D8AAD21F5FB400065FB50 /* CurvedButton.swift */,
				DD97D2BD222E6E98004A72B5 /* Business Logic */,
				DD97D2C2222E9CCE004A72B5 /* ResultsViewController.swift */,
				DD97D2C3222E9CCE004A72B5 /* ResultsViewController.xib */,
				DD97D2C6222EA657004A72B5 /* ViewDismissalNotifier.swift */,
				DDFB14C6223F9050004C5B29 /* PriceRequestParams.swift */,
				DD745CC5227D31E9006ADA45 /* SelectCurrrecyTableViewController.swift */,
				DD8C8DED24674D1600EBF5D1 /* APIKeyViewController.swift */,
				DD8C8DEF24681B8700EBF5D1 /* InfoViewController.swift */,
				DD9C0A5524694DEC0061DF44 /* BlinkingTexField.swift */,
			);
			path = Crypt;
			sourceTree = "<group>";
		};
		013A4718208F616900DBAEAE /* CryptTests */ = {
			isa = PBXGroup;
			children = (
				013A4719208F616900DBAEAE /* CryptTests.swift */,
				013A471B208F616900DBAEAE /* Info.plist */,
				DD97D2BE222E8830004A72B5 /* ProfitCalculatorTests.swift */,
			);
			path = CryptTests;
			sourceTree = "<group>";
		};
		013A4723208F616900DBAEAE /* CryptUITests */ = {
			isa = PBXGroup;
			children = (
				013A4724208F616900DBAEAE /* CryptUITests.swift */,
				013A4726208F616900DBAEAE /* Info.plist */,
			);
			path = CryptUITests;
			sourceTree = "<group>";
		};
		01C259C8217C4F370084617B /* Data Structure */ = {
			isa = PBXGroup;
			children = (
				01C259C9217C4F5E0084617B /* DataModel.swift */,
			);
			path = "Data Structure";
			sourceTree = "<group>";
		};
		01C259CB217C56620084617B /* Extensions */ = {
			isa = PBXGroup;
			children = (
				DDB5159421C4FC3C009B9483 /* UIViiew+roundedCorners.swift */,
				DD745CC7227D396E006ADA45 /* UIView+Anchor.swift */,
				DD745CC9227D4876006ADA45 /* Array+SafeAccess.swift */,
				DD745CCB227D4888006ADA45 /* Result+Value.swift */,
				DD9C0A5324694DC60061DF44 /* UIView+Blink.swift */,
			);
			path = Extensions;
			sourceTree = "<group>";
		};
		01C259CE217C60800084617B /* Networking */ = {
			isa = PBXGroup;
			children = (
				01C259CF217C60A10084617B /* EndpointConstructor.swift */,
				01C259D1217C61050084617B /* RequestFactory.swift */,
				01C259D8217C83810084617B /* HistoricalDataNetworkOperationManager.swift */,
				DDB5159621C6008C009B9483 /* AllCoinsNetworkOperationManager.swift */,
				DD40917C23B4C8EF0027D39B /* HistoricalPriceComparisonProvider.swift */,
			);
			path = Networking;
			sourceTree = "<group>";
		};
		01C259D3217C635D0084617B /* Opeartion */ = {
			isa = PBXGroup;
			children = (
				01C259D4217C64CC0084617B /* BasicOpeartion.swift */,
				01C259D6217C65DC0084617B /* NetworkOpeartion.swift */,
				DDC7A5F82257B5D10069FCF3 /* DecodingOperation.swift */,
			);
			path = Opeartion;
			sourceTree = "<group>";
		};
		DD40915023B25EAA0027D39B /* NetworkingKit */ = {
			isa = PBXGroup;
			children = (
				DD40915123B25EAA0027D39B /* NetworkingKit.h */,
				DD40915223B25EAA0027D39B /* Info.plist */,
				DD40916C23B25F150027D39B /* Networking+Publisher.swift */,
				DD40916E23B280E20027D39B /* NetworkingError.swift */,
				DD745CC1227A3248006ADA45 /* URLSession+Result.swift */,
				DD745CC3227A34C6006ADA45 /* Service.swift */,
				01C259CC217C569D0084617B /* URLSession+SanitizedResponse.swift */,
				01C259D3217C635D0084617B /* Opeartion */,
			);
			path = NetworkingKit;
			sourceTree = "<group>";
		};
		DD40915D23B25EAA0027D39B /* NetworkingKitTests */ = {
			isa = PBXGroup;
			children = (
				DD40915E23B25EAA0027D39B /* NetworkingKitTests.swift */,
				DD40916023B25EAA0027D39B /* Info.plist */,
			);
			path = NetworkingKitTests;
			sourceTree = "<group>";
		};
		DD97D2BD222E6E98004A72B5 /* Business Logic */ = {
			isa = PBXGroup;
			children = (
				DD97D2BB222E6E75004A72B5 /* ProfitCalculator.swift */,
			);
			path = "Business Logic";
			sourceTree = "<group>";
		};
		DD9C0A2C2468A4930061DF44 /* Frameworks */ = {
			isa = PBXGroup;
			children = (
			);
			name = Frameworks;
			sourceTree = "<group>";
		};
/* End PBXGroup section */

/* Begin PBXHeadersBuildPhase section */
		DD40914A23B25EAA0027D39B /* Headers */ = {
			isa = PBXHeadersBuildPhase;
			buildActionMask = 2147483647;
			files = (
				DD40916123B25EAA0027D39B /* NetworkingKit.h in Headers */,
			);
			runOnlyForDeploymentPostprocessing = 0;
		};
/* End PBXHeadersBuildPhase section */

/* Begin PBXNativeTarget section */
		013A4700208F616700DBAEAE /* Crypt */ = {
			isa = PBXNativeTarget;
			buildConfigurationList = 013A4729208F616900DBAEAE /* Build configuration list for PBXNativeTarget "Crypt" */;
			buildPhases = (
				013A46FD208F616700DBAEAE /* Sources */,
				013A46FE208F616700DBAEAE /* Frameworks */,
				013A46FF208F616700DBAEAE /* Resources */,
				DD40912323B258CE0027D39B /* Embed Frameworks */,
				DD3CF0AD2451926F00E3E7DB /* Linter */,
			);
			buildRules = (
			);
			dependencies = (
				DD40916323B25EAA0027D39B /* PBXTargetDependency */,
			);
			name = Crypt;
			packageProductDependencies = (
				DD9C0A3F2468A54B0061DF44 /* ScrollingContainer */,
				DD9C0A422468A5680061DF44 /* Drawer */,
				DD9C0A452468A58B0061DF44 /* NetworkingKit */,
				DD9C0A482468A5FA0061DF44 /* RxSwift */,
				DD9C0A4A2468A5FA0061DF44 /* RxRelay */,
				DD9C0A4C2468A5FA0061DF44 /* RxCocoa */,
				DD9C0A4E2468A5FA0061DF44 /* RxBlocking */,
				DD9C0A512468A62E0061DF44 /* CompactModal */,
			);
			productName = Crypt;
			productReference = 013A4701208F616700DBAEAE /* Crypt.app */;
			productType = "com.apple.product-type.application";
		};
		013A4714208F616900DBAEAE /* CryptTests */ = {
			isa = PBXNativeTarget;
			buildConfigurationList = 013A472C208F616900DBAEAE /* Build configuration list for PBXNativeTarget "CryptTests" */;
			buildPhases = (
				013A4711208F616900DBAEAE /* Sources */,
				013A4712208F616900DBAEAE /* Frameworks */,
				013A4713208F616900DBAEAE /* Resources */,
			);
			buildRules = (
			);
			dependencies = (
				013A4717208F616900DBAEAE /* PBXTargetDependency */,
			);
			name = CryptTests;
			productName = CryptTests;
			productReference = 013A4715208F616900DBAEAE /* CryptTests.xctest */;
			productType = "com.apple.product-type.bundle.unit-test";
		};
		013A471F208F616900DBAEAE /* CryptUITests */ = {
			isa = PBXNativeTarget;
			buildConfigurationList = 013A472F208F616900DBAEAE /* Build configuration list for PBXNativeTarget "CryptUITests" */;
			buildPhases = (
				013A471C208F616900DBAEAE /* Sources */,
				013A471D208F616900DBAEAE /* Frameworks */,
				013A471E208F616900DBAEAE /* Resources */,
			);
			buildRules = (
			);
			dependencies = (
				013A4722208F616900DBAEAE /* PBXTargetDependency */,
			);
			name = CryptUITests;
			productName = CryptUITests;
			productReference = 013A4720208F616900DBAEAE /* CryptUITests.xctest */;
			productType = "com.apple.product-type.bundle.ui-testing";
		};
		DD40914E23B25EAA0027D39B /* NetworkingKit */ = {
			isa = PBXNativeTarget;
			buildConfigurationList = DD40916623B25EAA0027D39B /* Build configuration list for PBXNativeTarget "NetworkingKit" */;
			buildPhases = (
				DD40914A23B25EAA0027D39B /* Headers */,
				DD40914B23B25EAA0027D39B /* Sources */,
				DD40914C23B25EAA0027D39B /* Frameworks */,
				DD40914D23B25EAA0027D39B /* Resources */,
			);
			buildRules = (
			);
			dependencies = (
			);
			name = NetworkingKit;
			productName = NetworkingKit;
			productReference = DD40914F23B25EAA0027D39B /* NetworkingKit.framework */;
			productType = "com.apple.product-type.framework";
		};
		DD40915623B25EAA0027D39B /* NetworkingKitTests */ = {
			isa = PBXNativeTarget;
			buildConfigurationList = DD40916923B25EAA0027D39B /* Build configuration list for PBXNativeTarget "NetworkingKitTests" */;
			buildPhases = (
				DD40915323B25EAA0027D39B /* Sources */,
				DD40915423B25EAA0027D39B /* Frameworks */,
				DD40915523B25EAA0027D39B /* Resources */,
			);
			buildRules = (
			);
			dependencies = (
				DD40915A23B25EAA0027D39B /* PBXTargetDependency */,
				DD40915C23B25EAA0027D39B /* PBXTargetDependency */,
			);
			name = NetworkingKitTests;
			productName = NetworkingKitTests;
			productReference = DD40915723B25EAA0027D39B /* NetworkingKitTests.xctest */;
			productType = "com.apple.product-type.bundle.unit-test";
		};
/* End PBXNativeTarget section */

/* Begin PBXProject section */
		013A46F9208F616700DBAEAE /* Project object */ = {
			isa = PBXProject;
			attributes = {
				LastSwiftUpdateCheck = 1130;
				LastUpgradeCheck = 0930;
				ORGANIZATIONNAME = "Mitul Manish";
				TargetAttributes = {
					013A4700208F616700DBAEAE = {
						CreatedOnToolsVersion = 9.3;
						LastSwiftMigration = 1020;
					};
					013A4714208F616900DBAEAE = {
						CreatedOnToolsVersion = 9.3;
						LastSwiftMigration = 1020;
						TestTargetID = 013A4700208F616700DBAEAE;
					};
					013A471F208F616900DBAEAE = {
						CreatedOnToolsVersion = 9.3;
						LastSwiftMigration = 1020;
						TestTargetID = 013A4700208F616700DBAEAE;
					};
					DD40914E23B25EAA0027D39B = {
						CreatedOnToolsVersion = 11.3;
						LastSwiftMigration = 1130;
					};
					DD40915623B25EAA0027D39B = {
						CreatedOnToolsVersion = 11.3;
						TestTargetID = 013A4700208F616700DBAEAE;
					};
				};
			};
			buildConfigurationList = 013A46FC208F616700DBAEAE /* Build configuration list for PBXProject "Crypt" */;
			compatibilityVersion = "Xcode 9.3";
			developmentRegion = en;
			hasScannedForEncodings = 0;
			knownRegions = (
				en,
				Base,
			);
			mainGroup = 013A46F8208F616700DBAEAE;
			packageReferences = (
				DD9C0A3E2468A54B0061DF44 /* XCRemoteSwiftPackageReference "ScrollingContainer" */,
				DD9C0A412468A5680061DF44 /* XCRemoteSwiftPackageReference "Drawer" */,
				DD9C0A442468A58B0061DF44 /* XCRemoteSwiftPackageReference "NetworkingKit" */,
				DD9C0A472468A5FA0061DF44 /* XCRemoteSwiftPackageReference "RxSwift" */,
				DD9C0A502468A62E0061DF44 /* XCRemoteSwiftPackageReference "CompactModal" */,
			);
			productRefGroup = 013A4702208F616700DBAEAE /* Products */;
			projectDirPath = "";
			projectRoot = "";
			targets = (
				013A4700208F616700DBAEAE /* Crypt */,
				013A4714208F616900DBAEAE /* CryptTests */,
				013A471F208F616900DBAEAE /* CryptUITests */,
				DD40914E23B25EAA0027D39B /* NetworkingKit */,
				DD40915623B25EAA0027D39B /* NetworkingKitTests */,
			);
		};
/* End PBXProject section */

/* Begin PBXResourcesBuildPhase section */
		013A46FF208F616700DBAEAE /* Resources */ = {
			isa = PBXResourcesBuildPhase;
			buildActionMask = 2147483647;
			files = (
				013A470F208F616900DBAEAE /* LaunchScreen.storyboard in Resources */,
				013A470C208F616900DBAEAE /* Assets.xcassets in Resources */,
				DD97D2C5222E9CCE004A72B5 /* ResultsViewController.xib in Resources */,
				013A470A208F616700DBAEAE /* Main.storyboard in Resources */,
				DD2D8AAC21F5F4530065FB50 /* SelectDateViewController.xib in Resources */,
			);
			runOnlyForDeploymentPostprocessing = 0;
		};
		013A4713208F616900DBAEAE /* Resources */ = {
			isa = PBXResourcesBuildPhase;
			buildActionMask = 2147483647;
			files = (
			);
			runOnlyForDeploymentPostprocessing = 0;
		};
		013A471E208F616900DBAEAE /* Resources */ = {
			isa = PBXResourcesBuildPhase;
			buildActionMask = 2147483647;
			files = (
			);
			runOnlyForDeploymentPostprocessing = 0;
		};
		DD40914D23B25EAA0027D39B /* Resources */ = {
			isa = PBXResourcesBuildPhase;
			buildActionMask = 2147483647;
			files = (
			);
			runOnlyForDeploymentPostprocessing = 0;
		};
		DD40915523B25EAA0027D39B /* Resources */ = {
			isa = PBXResourcesBuildPhase;
			buildActionMask = 2147483647;
			files = (
			);
			runOnlyForDeploymentPostprocessing = 0;
		};
/* End PBXResourcesBuildPhase section */

/* Begin PBXShellScriptBuildPhase section */
		DD3CF0AD2451926F00E3E7DB /* Linter */ = {
			isa = PBXShellScriptBuildPhase;
			buildActionMask = 2147483647;
			files = (
			);
			inputFileListPaths = (
			);
			inputPaths = (
			);
			name = Linter;
			outputFileListPaths = (
			);
			outputPaths = (
			);
			runOnlyForDeploymentPostprocessing = 0;
			shellPath = /bin/sh;
			shellScript = "$SRCROOT/Scripts/lint.sh\n\n";
		};
/* End PBXShellScriptBuildPhase section */

/* Begin PBXSourcesBuildPhase section */
		013A46FD208F616700DBAEAE /* Sources */ = {
			isa = PBXSourcesBuildPhase;
			buildActionMask = 2147483647;
			files = (
				DD97D2C7222EA657004A72B5 /* ViewDismissalNotifier.swift in Sources */,
				013A4707208F616700DBAEAE /* HomeViewController.swift in Sources */,
				01C259D9217C83810084617B /* HistoricalDataNetworkOperationManager.swift in Sources */,
				DD745CCA227D4876006ADA45 /* Array+SafeAccess.swift in Sources */,
				DD745CCC227D4888006ADA45 /* Result+Value.swift in Sources */,
				01C259D5217C64CC0084617B /* BasicOpeartion.swift in Sources */,
				DD2D8AAB21F5F4530065FB50 /* SelectDateViewController.swift in Sources */,
				DD8C8DEE24674D1600EBF5D1 /* APIKeyViewController.swift in Sources */,
				01C259CA217C4F5E0084617B /* DataModel.swift in Sources */,
				DD745CC8227D396E006ADA45 /* UIView+Anchor.swift in Sources */,
				01C259D2217C61050084617B /* RequestFactory.swift in Sources */,
				DDE1489321BB9E9000CF8182 /* CoinTableViewCell.swift in Sources */,
				DDB5159521C4FC3C009B9483 /* UIViiew+roundedCorners.swift in Sources */,
				DD9C0A5424694DC60061DF44 /* UIView+Blink.swift in Sources */,
				DD40917D23B4C8EF0027D39B /* HistoricalPriceComparisonProvider.swift in Sources */,
				DD97D2BC222E6E75004A72B5 /* ProfitCalculator.swift in Sources */,
				DD9C0A5624694DED0061DF44 /* BlinkingTexField.swift in Sources */,
				01C259D7217C65DC0084617B /* NetworkOpeartion.swift in Sources */,
				01C259D0217C60A10084617B /* EndpointConstructor.swift in Sources */,
				DDFB14C7223F9050004C5B29 /* PriceRequestParams.swift in Sources */,
				DDC7A5F92257B5D10069FCF3 /* DecodingOperation.swift in Sources */,
				DDE1488F21BB9C3700CF8182 /* SelectCoinsTableViewController.swift in Sources */,
				DD2D8AAE21F5FB400065FB50 /* CurvedButton.swift in Sources */,
				013A4705208F616700DBAEAE /* AppDelegate.swift in Sources */,
				DD8C8DF024681B8700EBF5D1 /* InfoViewController.swift in Sources */,
				DD745CC6227D31E9006ADA45 /* SelectCurrrecyTableViewController.swift in Sources */,
				DD97D2C4222E9CCE004A72B5 /* ResultsViewController.swift in Sources */,
				DDB5159721C6008C009B9483 /* AllCoinsNetworkOperationManager.swift in Sources */,
			);
			runOnlyForDeploymentPostprocessing = 0;
		};
		013A4711208F616900DBAEAE /* Sources */ = {
			isa = PBXSourcesBuildPhase;
			buildActionMask = 2147483647;
			files = (
				013A471A208F616900DBAEAE /* CryptTests.swift in Sources */,
				DD97D2BF222E8830004A72B5 /* ProfitCalculatorTests.swift in Sources */,
			);
			runOnlyForDeploymentPostprocessing = 0;
		};
		013A471C208F616900DBAEAE /* Sources */ = {
			isa = PBXSourcesBuildPhase;
			buildActionMask = 2147483647;
			files = (
				013A4725208F616900DBAEAE /* CryptUITests.swift in Sources */,
			);
			runOnlyForDeploymentPostprocessing = 0;
		};
		DD40914B23B25EAA0027D39B /* Sources */ = {
			isa = PBXSourcesBuildPhase;
			buildActionMask = 2147483647;
			files = (
				DD40917223B284080027D39B /* URLSession+SanitizedResponse.swift in Sources */,
				DD40916F23B280E20027D39B /* NetworkingError.swift in Sources */,
				DD40917123B2832D0027D39B /* Service.swift in Sources */,
				DD40917023B282130027D39B /* URLSession+Result.swift in Sources */,
				DD40916D23B25F150027D39B /* Networking+Publisher.swift in Sources */,
			);
			runOnlyForDeploymentPostprocessing = 0;
		};
		DD40915323B25EAA0027D39B /* Sources */ = {
			isa = PBXSourcesBuildPhase;
			buildActionMask = 2147483647;
			files = (
				DD40915F23B25EAA0027D39B /* NetworkingKitTests.swift in Sources */,
			);
			runOnlyForDeploymentPostprocessing = 0;
		};
/* End PBXSourcesBuildPhase section */

/* Begin PBXTargetDependency section */
		013A4717208F616900DBAEAE /* PBXTargetDependency */ = {
			isa = PBXTargetDependency;
			target = 013A4700208F616700DBAEAE /* Crypt */;
			targetProxy = 013A4716208F616900DBAEAE /* PBXContainerItemProxy */;
		};
		013A4722208F616900DBAEAE /* PBXTargetDependency */ = {
			isa = PBXTargetDependency;
			target = 013A4700208F616700DBAEAE /* Crypt */;
			targetProxy = 013A4721208F616900DBAEAE /* PBXContainerItemProxy */;
		};
		DD40915A23B25EAA0027D39B /* PBXTargetDependency */ = {
			isa = PBXTargetDependency;
			target = DD40914E23B25EAA0027D39B /* NetworkingKit */;
			targetProxy = DD40915923B25EAA0027D39B /* PBXContainerItemProxy */;
		};
		DD40915C23B25EAA0027D39B /* PBXTargetDependency */ = {
			isa = PBXTargetDependency;
			target = 013A4700208F616700DBAEAE /* Crypt */;
			targetProxy = DD40915B23B25EAA0027D39B /* PBXContainerItemProxy */;
		};
		DD40916323B25EAA0027D39B /* PBXTargetDependency */ = {
			isa = PBXTargetDependency;
			target = DD40914E23B25EAA0027D39B /* NetworkingKit */;
			targetProxy = DD40916223B25EAA0027D39B /* PBXContainerItemProxy */;
		};
/* End PBXTargetDependency section */

/* Begin PBXVariantGroup section */
		013A4708208F616700DBAEAE /* Main.storyboard */ = {
			isa = PBXVariantGroup;
			children = (
				013A4709208F616700DBAEAE /* Base */,
			);
			name = Main.storyboard;
			sourceTree = "<group>";
		};
		013A470D208F616900DBAEAE /* LaunchScreen.storyboard */ = {
			isa = PBXVariantGroup;
			children = (
				013A470E208F616900DBAEAE /* Base */,
			);
			name = LaunchScreen.storyboard;
			sourceTree = "<group>";
		};
/* End PBXVariantGroup section */

/* Begin XCBuildConfiguration section */
		013A4727208F616900DBAEAE /* Debug */ = {
			isa = XCBuildConfiguration;
			buildSettings = {
				ALWAYS_SEARCH_USER_PATHS = NO;
				CLANG_ANALYZER_NONNULL = YES;
				CLANG_ANALYZER_NUMBER_OBJECT_CONVERSION = YES_AGGRESSIVE;
				CLANG_CXX_LANGUAGE_STANDARD = "gnu++14";
				CLANG_CXX_LIBRARY = "libc++";
				CLANG_ENABLE_MODULES = YES;
				CLANG_ENABLE_OBJC_ARC = YES;
				CLANG_ENABLE_OBJC_WEAK = YES;
				CLANG_WARN_BLOCK_CAPTURE_AUTORELEASING = YES;
				CLANG_WARN_BOOL_CONVERSION = YES;
				CLANG_WARN_COMMA = YES;
				CLANG_WARN_CONSTANT_CONVERSION = YES;
				CLANG_WARN_DEPRECATED_OBJC_IMPLEMENTATIONS = YES;
				CLANG_WARN_DIRECT_OBJC_ISA_USAGE = YES_ERROR;
				CLANG_WARN_DOCUMENTATION_COMMENTS = YES;
				CLANG_WARN_EMPTY_BODY = YES;
				CLANG_WARN_ENUM_CONVERSION = YES;
				CLANG_WARN_INFINITE_RECURSION = YES;
				CLANG_WARN_INT_CONVERSION = YES;
				CLANG_WARN_NON_LITERAL_NULL_CONVERSION = YES;
				CLANG_WARN_OBJC_IMPLICIT_RETAIN_SELF = YES;
				CLANG_WARN_OBJC_LITERAL_CONVERSION = YES;
				CLANG_WARN_OBJC_ROOT_CLASS = YES_ERROR;
				CLANG_WARN_RANGE_LOOP_ANALYSIS = YES;
				CLANG_WARN_STRICT_PROTOTYPES = YES;
				CLANG_WARN_SUSPICIOUS_MOVE = YES;
				CLANG_WARN_UNGUARDED_AVAILABILITY = YES_AGGRESSIVE;
				CLANG_WARN_UNREACHABLE_CODE = YES;
				CLANG_WARN__DUPLICATE_METHOD_MATCH = YES;
				CODE_SIGN_IDENTITY = "iPhone Developer";
				COPY_PHASE_STRIP = NO;
				DEBUG_INFORMATION_FORMAT = dwarf;
				ENABLE_STRICT_OBJC_MSGSEND = YES;
				ENABLE_TESTABILITY = YES;
				GCC_C_LANGUAGE_STANDARD = gnu11;
				GCC_DYNAMIC_NO_PIC = NO;
				GCC_NO_COMMON_BLOCKS = YES;
				GCC_OPTIMIZATION_LEVEL = 0;
				GCC_PREPROCESSOR_DEFINITIONS = (
					"DEBUG=1",
					"$(inherited)",
				);
				GCC_WARN_64_TO_32_BIT_CONVERSION = YES;
				GCC_WARN_ABOUT_RETURN_TYPE = YES_ERROR;
				GCC_WARN_UNDECLARED_SELECTOR = YES;
				GCC_WARN_UNINITIALIZED_AUTOS = YES_AGGRESSIVE;
				GCC_WARN_UNUSED_FUNCTION = YES;
				GCC_WARN_UNUSED_VARIABLE = YES;
				IPHONEOS_DEPLOYMENT_TARGET = 13.0;
				MTL_ENABLE_DEBUG_INFO = YES;
				ONLY_ACTIVE_ARCH = YES;
				SDKROOT = iphoneos;
				SWIFT_ACTIVE_COMPILATION_CONDITIONS = DEBUG;
				SWIFT_OPTIMIZATION_LEVEL = "-Onone";
			};
			name = Debug;
		};
		013A4728208F616900DBAEAE /* Release */ = {
			isa = XCBuildConfiguration;
			buildSettings = {
				ALWAYS_SEARCH_USER_PATHS = NO;
				CLANG_ANALYZER_NONNULL = YES;
				CLANG_ANALYZER_NUMBER_OBJECT_CONVERSION = YES_AGGRESSIVE;
				CLANG_CXX_LANGUAGE_STANDARD = "gnu++14";
				CLANG_CXX_LIBRARY = "libc++";
				CLANG_ENABLE_MODULES = YES;
				CLANG_ENABLE_OBJC_ARC = YES;
				CLANG_ENABLE_OBJC_WEAK = YES;
				CLANG_WARN_BLOCK_CAPTURE_AUTORELEASING = YES;
				CLANG_WARN_BOOL_CONVERSION = YES;
				CLANG_WARN_COMMA = YES;
				CLANG_WARN_CONSTANT_CONVERSION = YES;
				CLANG_WARN_DEPRECATED_OBJC_IMPLEMENTATIONS = YES;
				CLANG_WARN_DIRECT_OBJC_ISA_USAGE = YES_ERROR;
				CLANG_WARN_DOCUMENTATION_COMMENTS = YES;
				CLANG_WARN_EMPTY_BODY = YES;
				CLANG_WARN_ENUM_CONVERSION = YES;
				CLANG_WARN_INFINITE_RECURSION = YES;
				CLANG_WARN_INT_CONVERSION = YES;
				CLANG_WARN_NON_LITERAL_NULL_CONVERSION = YES;
				CLANG_WARN_OBJC_IMPLICIT_RETAIN_SELF = YES;
				CLANG_WARN_OBJC_LITERAL_CONVERSION = YES;
				CLANG_WARN_OBJC_ROOT_CLASS = YES_ERROR;
				CLANG_WARN_RANGE_LOOP_ANALYSIS = YES;
				CLANG_WARN_STRICT_PROTOTYPES = YES;
				CLANG_WARN_SUSPICIOUS_MOVE = YES;
				CLANG_WARN_UNGUARDED_AVAILABILITY = YES_AGGRESSIVE;
				CLANG_WARN_UNREACHABLE_CODE = YES;
				CLANG_WARN__DUPLICATE_METHOD_MATCH = YES;
				CODE_SIGN_IDENTITY = "iPhone Developer";
				COPY_PHASE_STRIP = NO;
				DEBUG_INFORMATION_FORMAT = "dwarf-with-dsym";
				ENABLE_NS_ASSERTIONS = NO;
				ENABLE_STRICT_OBJC_MSGSEND = YES;
				GCC_C_LANGUAGE_STANDARD = gnu11;
				GCC_NO_COMMON_BLOCKS = YES;
				GCC_WARN_64_TO_32_BIT_CONVERSION = YES;
				GCC_WARN_ABOUT_RETURN_TYPE = YES_ERROR;
				GCC_WARN_UNDECLARED_SELECTOR = YES;
				GCC_WARN_UNINITIALIZED_AUTOS = YES_AGGRESSIVE;
				GCC_WARN_UNUSED_FUNCTION = YES;
				GCC_WARN_UNUSED_VARIABLE = YES;
				IPHONEOS_DEPLOYMENT_TARGET = 13.0;
				MTL_ENABLE_DEBUG_INFO = NO;
				SDKROOT = iphoneos;
				SWIFT_COMPILATION_MODE = wholemodule;
				SWIFT_OPTIMIZATION_LEVEL = "-O";
				VALIDATE_PRODUCT = YES;
			};
			name = Release;
		};
		013A472A208F616900DBAEAE /* Debug */ = {
			isa = XCBuildConfiguration;
			buildSettings = {
				ALWAYS_EMBED_SWIFT_STANDARD_LIBRARIES = YES;
				ASSETCATALOG_COMPILER_APPICON_NAME = AppIcon;
				CODE_SIGN_ENTITLEMENTS = Crypt/Crypt.entitlements;
				CODE_SIGN_STYLE = Automatic;
				DERIVE_MACCATALYST_PRODUCT_BUNDLE_IDENTIFIER = YES;
				DEVELOPMENT_TEAM = RNF8E69GKB;
				INFOPLIST_FILE = Crypt/Info.plist;
				IPHONEOS_DEPLOYMENT_TARGET = 13.0;
				LD_RUNPATH_SEARCH_PATHS = (
					"$(inherited)",
					"@executable_path/Frameworks",
				);
				PRODUCT_BUNDLE_IDENTIFIER = "mitul-manish.Crypt";
				PRODUCT_NAME = "$(TARGET_NAME)";
				SUPPORTS_MACCATALYST = YES;
				SWIFT_VERSION = 5.0;
				TARGETED_DEVICE_FAMILY = "1,2";
			};
			name = Debug;
		};
		013A472B208F616900DBAEAE /* Release */ = {
			isa = XCBuildConfiguration;
			buildSettings = {
				ALWAYS_EMBED_SWIFT_STANDARD_LIBRARIES = YES;
				ASSETCATALOG_COMPILER_APPICON_NAME = AppIcon;
				CODE_SIGN_ENTITLEMENTS = Crypt/Crypt.entitlements;
				CODE_SIGN_STYLE = Automatic;
				DERIVE_MACCATALYST_PRODUCT_BUNDLE_IDENTIFIER = YES;
				DEVELOPMENT_TEAM = RNF8E69GKB;
				INFOPLIST_FILE = Crypt/Info.plist;
				IPHONEOS_DEPLOYMENT_TARGET = 13.0;
				LD_RUNPATH_SEARCH_PATHS = (
					"$(inherited)",
					"@executable_path/Frameworks",
				);
				PRODUCT_BUNDLE_IDENTIFIER = "mitul-manish.Crypt";
				PRODUCT_NAME = "$(TARGET_NAME)";
				SUPPORTS_MACCATALYST = YES;
				SWIFT_VERSION = 5.0;
				TARGETED_DEVICE_FAMILY = "1,2";
			};
			name = Release;
		};
		013A472D208F616900DBAEAE /* Debug */ = {
			isa = XCBuildConfiguration;
			buildSettings = {
				ALWAYS_EMBED_SWIFT_STANDARD_LIBRARIES = YES;
				BUNDLE_LOADER = "$(TEST_HOST)";
				CODE_SIGN_STYLE = Automatic;
				DEVELOPMENT_TEAM = RNF8E69GKB;
				INFOPLIST_FILE = CryptTests/Info.plist;
				LD_RUNPATH_SEARCH_PATHS = (
					"$(inherited)",
					"@executable_path/Frameworks",
					"@loader_path/Frameworks",
				);
				PRODUCT_BUNDLE_IDENTIFIER = "mitul-manish.CryptTests";
				PRODUCT_NAME = "$(TARGET_NAME)";
				SWIFT_VERSION = 5.0;
				TARGETED_DEVICE_FAMILY = "1,2";
				TEST_HOST = "$(BUILT_PRODUCTS_DIR)/Crypt.app/Crypt";
			};
			name = Debug;
		};
		013A472E208F616900DBAEAE /* Release */ = {
			isa = XCBuildConfiguration;
			buildSettings = {
				ALWAYS_EMBED_SWIFT_STANDARD_LIBRARIES = YES;
				BUNDLE_LOADER = "$(TEST_HOST)";
				CODE_SIGN_STYLE = Automatic;
				DEVELOPMENT_TEAM = RNF8E69GKB;
				INFOPLIST_FILE = CryptTests/Info.plist;
				LD_RUNPATH_SEARCH_PATHS = (
					"$(inherited)",
					"@executable_path/Frameworks",
					"@loader_path/Frameworks",
				);
				PRODUCT_BUNDLE_IDENTIFIER = "mitul-manish.CryptTests";
				PRODUCT_NAME = "$(TARGET_NAME)";
				SWIFT_VERSION = 5.0;
				TARGETED_DEVICE_FAMILY = "1,2";
				TEST_HOST = "$(BUILT_PRODUCTS_DIR)/Crypt.app/Crypt";
			};
			name = Release;
		};
		013A4730208F616900DBAEAE /* Debug */ = {
			isa = XCBuildConfiguration;
			buildSettings = {
				ALWAYS_EMBED_SWIFT_STANDARD_LIBRARIES = YES;
				CODE_SIGN_STYLE = Automatic;
				DEVELOPMENT_TEAM = RNF8E69GKB;
				INFOPLIST_FILE = CryptUITests/Info.plist;
				LD_RUNPATH_SEARCH_PATHS = (
					"$(inherited)",
					"@executable_path/Frameworks",
					"@loader_path/Frameworks",
				);
				PRODUCT_BUNDLE_IDENTIFIER = "mitul-manish.CryptUITests";
				PRODUCT_NAME = "$(TARGET_NAME)";
				SWIFT_VERSION = 5.0;
				TARGETED_DEVICE_FAMILY = "1,2";
				TEST_TARGET_NAME = Crypt;
			};
			name = Debug;
		};
		013A4731208F616900DBAEAE /* Release */ = {
			isa = XCBuildConfiguration;
			buildSettings = {
				ALWAYS_EMBED_SWIFT_STANDARD_LIBRARIES = YES;
				CODE_SIGN_STYLE = Automatic;
				DEVELOPMENT_TEAM = RNF8E69GKB;
				INFOPLIST_FILE = CryptUITests/Info.plist;
				LD_RUNPATH_SEARCH_PATHS = (
					"$(inherited)",
					"@executable_path/Frameworks",
					"@loader_path/Frameworks",
				);
				PRODUCT_BUNDLE_IDENTIFIER = "mitul-manish.CryptUITests";
				PRODUCT_NAME = "$(TARGET_NAME)";
				SWIFT_VERSION = 5.0;
				TARGETED_DEVICE_FAMILY = "1,2";
				TEST_TARGET_NAME = Crypt;
			};
			name = Release;
		};
		DD40916723B25EAA0027D39B /* Debug */ = {
			isa = XCBuildConfiguration;
			buildSettings = {
				CLANG_ENABLE_MODULES = YES;
				CODE_SIGN_STYLE = Automatic;
				CURRENT_PROJECT_VERSION = 1;
				DEFINES_MODULE = YES;
				DEVELOPMENT_TEAM = RNF8E69GKB;
				DYLIB_COMPATIBILITY_VERSION = 1;
				DYLIB_CURRENT_VERSION = 1;
				DYLIB_INSTALL_NAME_BASE = "@rpath";
				INFOPLIST_FILE = NetworkingKit/Info.plist;
				INSTALL_PATH = "$(LOCAL_LIBRARY_DIR)/Frameworks";
				IPHONEOS_DEPLOYMENT_TARGET = 13.0;
				LD_RUNPATH_SEARCH_PATHS = (
					"$(inherited)",
					"@executable_path/Frameworks",
					"@loader_path/Frameworks",
				);
				MTL_ENABLE_DEBUG_INFO = INCLUDE_SOURCE;
				MTL_FAST_MATH = YES;
				PRODUCT_BUNDLE_IDENTIFIER = mitul.manish.NetworkingKit;
				PRODUCT_NAME = "$(TARGET_NAME:c99extidentifier)";
				SKIP_INSTALL = YES;
				SWIFT_OPTIMIZATION_LEVEL = "-Onone";
				SWIFT_VERSION = 5.0;
				TARGETED_DEVICE_FAMILY = "1,2";
				VERSIONING_SYSTEM = "apple-generic";
				VERSION_INFO_PREFIX = "";
			};
			name = Debug;
		};
		DD40916823B25EAA0027D39B /* Release */ = {
			isa = XCBuildConfiguration;
			buildSettings = {
				CLANG_ENABLE_MODULES = YES;
				CODE_SIGN_STYLE = Automatic;
				CURRENT_PROJECT_VERSION = 1;
				DEFINES_MODULE = YES;
				DEVELOPMENT_TEAM = RNF8E69GKB;
				DYLIB_COMPATIBILITY_VERSION = 1;
				DYLIB_CURRENT_VERSION = 1;
				DYLIB_INSTALL_NAME_BASE = "@rpath";
				INFOPLIST_FILE = NetworkingKit/Info.plist;
				INSTALL_PATH = "$(LOCAL_LIBRARY_DIR)/Frameworks";
				IPHONEOS_DEPLOYMENT_TARGET = 13.0;
				LD_RUNPATH_SEARCH_PATHS = (
					"$(inherited)",
					"@executable_path/Frameworks",
					"@loader_path/Frameworks",
				);
				MTL_FAST_MATH = YES;
				PRODUCT_BUNDLE_IDENTIFIER = mitul.manish.NetworkingKit;
				PRODUCT_NAME = "$(TARGET_NAME:c99extidentifier)";
				SKIP_INSTALL = YES;
				SWIFT_VERSION = 5.0;
				TARGETED_DEVICE_FAMILY = "1,2";
				VERSIONING_SYSTEM = "apple-generic";
				VERSION_INFO_PREFIX = "";
			};
			name = Release;
		};
		DD40916A23B25EAA0027D39B /* Debug */ = {
			isa = XCBuildConfiguration;
			buildSettings = {
				ALWAYS_EMBED_SWIFT_STANDARD_LIBRARIES = YES;
				CODE_SIGN_STYLE = Automatic;
				DEVELOPMENT_TEAM = RNF8E69GKB;
				INFOPLIST_FILE = NetworkingKitTests/Info.plist;
				IPHONEOS_DEPLOYMENT_TARGET = 13.2;
				LD_RUNPATH_SEARCH_PATHS = (
					"$(inherited)",
					"@executable_path/Frameworks",
					"@loader_path/Frameworks",
				);
				MTL_ENABLE_DEBUG_INFO = INCLUDE_SOURCE;
				MTL_FAST_MATH = YES;
				PRODUCT_BUNDLE_IDENTIFIER = mitul.manish.NetworkingKitTests;
				PRODUCT_NAME = "$(TARGET_NAME)";
				SWIFT_VERSION = 5.0;
				TARGETED_DEVICE_FAMILY = "1,2";
				TEST_HOST = "$(BUILT_PRODUCTS_DIR)/Crypt.app/Crypt";
			};
			name = Debug;
		};
		DD40916B23B25EAA0027D39B /* Release */ = {
			isa = XCBuildConfiguration;
			buildSettings = {
				ALWAYS_EMBED_SWIFT_STANDARD_LIBRARIES = YES;
				CODE_SIGN_STYLE = Automatic;
				DEVELOPMENT_TEAM = RNF8E69GKB;
				INFOPLIST_FILE = NetworkingKitTests/Info.plist;
				IPHONEOS_DEPLOYMENT_TARGET = 13.2;
				LD_RUNPATH_SEARCH_PATHS = (
					"$(inherited)",
					"@executable_path/Frameworks",
					"@loader_path/Frameworks",
				);
				MTL_FAST_MATH = YES;
				PRODUCT_BUNDLE_IDENTIFIER = mitul.manish.NetworkingKitTests;
				PRODUCT_NAME = "$(TARGET_NAME)";
				SWIFT_VERSION = 5.0;
				TARGETED_DEVICE_FAMILY = "1,2";
				TEST_HOST = "$(BUILT_PRODUCTS_DIR)/Crypt.app/Crypt";
			};
			name = Release;
		};
/* End XCBuildConfiguration section */

/* Begin XCConfigurationList section */
		013A46FC208F616700DBAEAE /* Build configuration list for PBXProject "Crypt" */ = {
			isa = XCConfigurationList;
			buildConfigurations = (
				013A4727208F616900DBAEAE /* Debug */,
				013A4728208F616900DBAEAE /* Release */,
			);
			defaultConfigurationIsVisible = 0;
			defaultConfigurationName = Release;
		};
		013A4729208F616900DBAEAE /* Build configuration list for PBXNativeTarget "Crypt" */ = {
			isa = XCConfigurationList;
			buildConfigurations = (
				013A472A208F616900DBAEAE /* Debug */,
				013A472B208F616900DBAEAE /* Release */,
			);
			defaultConfigurationIsVisible = 0;
			defaultConfigurationName = Release;
		};
		013A472C208F616900DBAEAE /* Build configuration list for PBXNativeTarget "CryptTests" */ = {
			isa = XCConfigurationList;
			buildConfigurations = (
				013A472D208F616900DBAEAE /* Debug */,
				013A472E208F616900DBAEAE /* Release */,
			);
			defaultConfigurationIsVisible = 0;
			defaultConfigurationName = Release;
		};
		013A472F208F616900DBAEAE /* Build configuration list for PBXNativeTarget "CryptUITests" */ = {
			isa = XCConfigurationList;
			buildConfigurations = (
				013A4730208F616900DBAEAE /* Debug */,
				013A4731208F616900DBAEAE /* Release */,
			);
			defaultConfigurationIsVisible = 0;
			defaultConfigurationName = Release;
		};
		DD40916623B25EAA0027D39B /* Build configuration list for PBXNativeTarget "NetworkingKit" */ = {
			isa = XCConfigurationList;
			buildConfigurations = (
				DD40916723B25EAA0027D39B /* Debug */,
				DD40916823B25EAA0027D39B /* Release */,
			);
			defaultConfigurationIsVisible = 0;
			defaultConfigurationName = Release;
		};
		DD40916923B25EAA0027D39B /* Build configuration list for PBXNativeTarget "NetworkingKitTests" */ = {
			isa = XCConfigurationList;
			buildConfigurations = (
				DD40916A23B25EAA0027D39B /* Debug */,
				DD40916B23B25EAA0027D39B /* Release */,
			);
			defaultConfigurationIsVisible = 0;
			defaultConfigurationName = Release;
		};
/* End XCConfigurationList section */

/* Begin XCRemoteSwiftPackageReference section */
		DD9C0A3E2468A54B0061DF44 /* XCRemoteSwiftPackageReference "ScrollingContainer" */ = {
			isa = XCRemoteSwiftPackageReference;
			repositoryURL = "https://github.com/mitulmanish/ScrollingContainer.git";
			requirement = {
				kind = upToNextMajorVersion;
				minimumVersion = 1.0.4;
			};
		};
		DD9C0A412468A5680061DF44 /* XCRemoteSwiftPackageReference "Drawer" */ = {
			isa = XCRemoteSwiftPackageReference;
			repositoryURL = "https://github.com/mitulmanish/Drawer.git";
			requirement = {
				kind = upToNextMajorVersion;
				minimumVersion = 1.0.1;
			};
		};
		DD9C0A442468A58B0061DF44 /* XCRemoteSwiftPackageReference "NetworkingKit" */ = {
			isa = XCRemoteSwiftPackageReference;
			repositoryURL = "https://github.com/mitulmanish/NetworkingKit.git";
			requirement = {
				kind = upToNextMajorVersion;
				minimumVersion = 0.4.0;
			};
		};
		DD9C0A472468A5FA0061DF44 /* XCRemoteSwiftPackageReference "RxSwift" */ = {
			isa = XCRemoteSwiftPackageReference;
			repositoryURL = "https://github.com/ReactiveX/RxSwift";
			requirement = {
				kind = upToNextMajorVersion;
				minimumVersion = 5.1.1;
			};
		};
		DD9C0A502468A62E0061DF44 /* XCRemoteSwiftPackageReference "CompactModal" */ = {
			isa = XCRemoteSwiftPackageReference;
			repositoryURL = "https://github.com/mitulmanish/CompactModal";
			requirement = {
				kind = upToNextMajorVersion;
				minimumVersion = 1.0.0;
			};
		};
/* End XCRemoteSwiftPackageReference section */

/* Begin XCSwiftPackageProductDependency section */
		DD9C0A3F2468A54B0061DF44 /* ScrollingContainer */ = {
			isa = XCSwiftPackageProductDependency;
			package = DD9C0A3E2468A54B0061DF44 /* XCRemoteSwiftPackageReference "ScrollingContainer" */;
			productName = ScrollingContainer;
		};
		DD9C0A422468A5680061DF44 /* Drawer */ = {
			isa = XCSwiftPackageProductDependency;
			package = DD9C0A412468A5680061DF44 /* XCRemoteSwiftPackageReference "Drawer" */;
			productName = Drawer;
		};
		DD9C0A452468A58B0061DF44 /* NetworkingKit */ = {
			isa = XCSwiftPackageProductDependency;
			package = DD9C0A442468A58B0061DF44 /* XCRemoteSwiftPackageReference "NetworkingKit" */;
			productName = NetworkingKit;
		};
		DD9C0A482468A5FA0061DF44 /* RxSwift */ = {
			isa = XCSwiftPackageProductDependency;
			package = DD9C0A472468A5FA0061DF44 /* XCRemoteSwiftPackageReference "RxSwift" */;
			productName = RxSwift;
		};
		DD9C0A4A2468A5FA0061DF44 /* RxRelay */ = {
			isa = XCSwiftPackageProductDependency;
			package = DD9C0A472468A5FA0061DF44 /* XCRemoteSwiftPackageReference "RxSwift" */;
			productName = RxRelay;
		};
		DD9C0A4C2468A5FA0061DF44 /* RxCocoa */ = {
			isa = XCSwiftPackageProductDependency;
			package = DD9C0A472468A5FA0061DF44 /* XCRemoteSwiftPackageReference "RxSwift" */;
			productName = RxCocoa;
		};
		DD9C0A4E2468A5FA0061DF44 /* RxBlocking */ = {
			isa = XCSwiftPackageProductDependency;
			package = DD9C0A472468A5FA0061DF44 /* XCRemoteSwiftPackageReference "RxSwift" */;
			productName = RxBlocking;
		};
		DD9C0A512468A62E0061DF44 /* CompactModal */ = {
			isa = XCSwiftPackageProductDependency;
			package = DD9C0A502468A62E0061DF44 /* XCRemoteSwiftPackageReference "CompactModal" */;
			productName = CompactModal;
		};
/* End XCSwiftPackageProductDependency section */
	};
	rootObject = 013A46F9208F616700DBAEAE /* Project object */;
}
